
Microsoft Visual Studio Solution File, Format Version 12.00
# Visual Studio 15
Project("{FAE04EC0-301F-11D3-BF4B-00C04F79EFBC}") = "example.api", "example.api\example.api.csproj", "{D5302D17-3EE0-4416-8499-8511A3987ED8}"
EndProject
Project("{FAE04EC0-301F-11D3-BF4B-00C04F79EFBC}") = "BL.WebApi.ResultProcess", "BL.WebApi.ResultProcess\BL.WebApi.ResultProcess.csproj", "{E7CE5974-5CB6-44B0-A291-E90159E74424}"
EndProject
Project("{FAE04EC0-301F-11D3-BF4B-00C04F79EFBC}") = "BL.Common", "BL.Common\BL.Common.csproj", "{DA773518-F41E-46BC-8757-4A88049AB011}"
EndProject
Project("{FAE04EC0-301F-11D3-BF4B-00C04F79EFBC}") = "BL.MongoDB", "BL.MongoDB\BL.MongoDB.csproj", "{91A87DD8-0303-4E59-9ACA-D14C0ADD0581}"
EndProject
Project("{FAE04EC0-301F-11D3-BF4B-00C04F79EFBC}") = "BL.StandardDictionary", "BL.StandardDictionary\BL.StandardDictionary.csproj", "{B5AC8F7A-E8C8-46EA-BF40-26AED989EBB8}"
EndProject
Project("{FAE04EC0-301F-11D3-BF4B-00C04F79EFBC}") = "BL.Excel", "BL.Excel\BL.Excel.csproj", "{2935EEFF-429C-408F-BBB5-5CFD740F23DB}"
EndProject
Project("{FAE04EC0-301F-11D3-BF4B-00C04F79EFBC}") = "BL.Dictionary.MongoDB", "BL.Dictionary.MongoDB\BL.Dictionary.MongoDB.csproj", "{FB18F60D-21F0-47FF-88D8-CA7C773B7C2B}"
EndProject
Project("{FAE04EC0-301F-11D3-BF4B-00C04F79EFBC}") = "BL.Regions", "BL.Regions\BL.Regions.csproj", "{134AD948-DEA1-4887-985E-F4F7468C5598}"
EndProject
Project("{FAE04EC0-301F-11D3-BF4B-00C04F79EFBC}") = "BL.Excel.API", "BL.Excel.API\BL.Excel.API.csproj", "{2E4C71B1-A5A4-4B8F-B1F5-185B0C0E78E6}"
EndProject
Project("{FAE04EC0-301F-11D3-BF4B-00C04F79EFBC}") = "BL.Regions.API", "BL.Regions.API\BL.Regions.API.csproj", "{D48592AF-2071-42CE-B18A-537B59E07EEF}"
EndProject
Project("{FAE04EC0-301F-11D3-BF4B-00C04F79EFBC}") = "BL.Dto", "BL.Dto\BL.Dto.csproj", "{083700FA-4C33-4C98-BE8A-890BDB49DCEF}"
EndProject
Project("{FAE04EC0-301F-11D3-BF4B-00C04F79EFBC}") = "BL.StandardDictionary.API", "BL.StandardDictionary.API\BL.StandardDictionary.API.csproj", "{2AF5E1AC-FE1C-43D0-9FE4-485D650C86B8}"
EndProject
Project("{FAE04EC0-301F-11D3-BF4B-00C04F79EFBC}") = "BL.SystemDictionary.API", "BL.SystemDictionary.API\BL.SystemDictionary.API.csproj", "{2ADA5651-C51D-4881-BC45-601A6C80C068}"
EndProject
Global
	GlobalSection(SolutionConfigurationPlatforms) = preSolution
		Debug|Any CPU = Debug|Any CPU
		Release|Any CPU = Release|Any CPU
	EndGlobalSection
	GlobalSection(ProjectConfigurationPlatforms) = postSolution
		{D5302D17-3EE0-4416-8499-8511A3987ED8}.Debug|Any CPU.ActiveCfg = Debug|Any CPU
		{D5302D17-3EE0-4416-8499-8511A3987ED8}.Debug|Any CPU.Build.0 = Debug|Any CPU
		{D5302D17-3EE0-4416-8499-8511A3987ED8}.Release|Any CPU.ActiveCfg = Release|Any CPU
		{D5302D17-3EE0-4416-8499-8511A3987ED8}.Release|Any CPU.Build.0 = Release|Any CPU
		{E7CE5974-5CB6-44B0-A291-E90159E74424}.Debug|Any CPU.ActiveCfg = Debug|Any CPU
		{E7CE5974-5CB6-44B0-A291-E90159E74424}.Debug|Any CPU.Build.0 = Debug|Any CPU
		{E7CE5974-5CB6-44B0-A291-E90159E74424}.Release|Any CPU.ActiveCfg = Release|Any CPU
		{E7CE5974-5CB6-44B0-A291-E90159E74424}.Release|Any CPU.Build.0 = Release|Any CPU
		{DA773518-F41E-46BC-8757-4A88049AB011}.Debug|Any CPU.ActiveCfg = Debug|Any CPU
		{DA773518-F41E-46BC-8757-4A88049AB011}.Debug|Any CPU.Build.0 = Debug|Any CPU
		{DA773518-F41E-46BC-8757-4A88049AB011}.Release|Any CPU.ActiveCfg = Release|Any CPU
		{DA773518-F41E-46BC-8757-4A88049AB011}.Release|Any CPU.Build.0 = Release|Any CPU
		{91A87DD8-0303-4E59-9ACA-D14C0ADD0581}.Debug|Any CPU.ActiveCfg = Debug|Any CPU
		{91A87DD8-0303-4E59-9ACA-D14C0ADD0581}.Debug|Any CPU.Build.0 = Debug|Any CPU
		{91A87DD8-0303-4E59-9ACA-D14C0ADD0581}.Release|Any CPU.ActiveCfg = Release|Any CPU
		{91A87DD8-0303-4E59-9ACA-D14C0ADD0581}.Release|Any CPU.Build.0 = Release|Any CPU
		{B5AC8F7A-E8C8-46EA-BF40-26AED989EBB8}.Debug|Any CPU.ActiveCfg = Debug|Any CPU
		{B5AC8F7A-E8C8-46EA-BF40-26AED989EBB8}.Debug|Any CPU.Build.0 = Debug|Any CPU
		{B5AC8F7A-E8C8-46EA-BF40-26AED989EBB8}.Release|Any CPU.ActiveCfg = Release|Any CPU
		{B5AC8F7A-E8C8-46EA-BF40-26AED989EBB8}.Release|Any CPU.Build.0 = Release|Any CPU
		{2935EEFF-429C-408F-BBB5-5CFD740F23DB}.Debug|Any CPU.ActiveCfg = Debug|Any CPU
		{2935EEFF-429C-408F-BBB5-5CFD740F23DB}.Debug|Any CPU.Build.0 = Debug|Any CPU
		{2935EEFF-429C-408F-BBB5-5CFD740F23DB}.Release|Any CPU.ActiveCfg = Release|Any CPU
		{2935EEFF-429C-408F-BBB5-5CFD740F23DB}.Release|Any CPU.Build.0 = Release|Any CPU
		{FB18F60D-21F0-47FF-88D8-CA7C773B7C2B}.Debug|Any CPU.ActiveCfg = Debug|Any CPU
		{FB18F60D-21F0-47FF-88D8-CA7C773B7C2B}.Debug|Any CPU.Build.0 = Debug|Any CPU
		{FB18F60D-21F0-47FF-88D8-CA7C773B7C2B}.Release|Any CPU.ActiveCfg = Release|Any CPU
		{FB18F60D-21F0-47FF-88D8-CA7C773B7C2B}.Release|Any CPU.Build.0 = Release|Any CPU
		{134AD948-DEA1-4887-985E-F4F7468C5598}.Debug|Any CPU.ActiveCfg = Debug|Any CPU
		{134AD948-DEA1-4887-985E-F4F7468C5598}.Debug|Any CPU.Build.0 = Debug|Any CPU
		{134AD948-DEA1-4887-985E-F4F7468C5598}.Release|Any CPU.ActiveCfg = Release|Any CPU
		{134AD948-DEA1-4887-985E-F4F7468C5598}.Release|Any CPU.Build.0 = Release|Any CPU
		{2E4C71B1-A5A4-4B8F-B1F5-185B0C0E78E6}.Debug|Any CPU.ActiveCfg = Debug|Any CPU
		{2E4C71B1-A5A4-4B8F-B1F5-185B0C0E78E6}.Debug|Any CPU.Build.0 = Debug|Any CPU
		{2E4C71B1-A5A4-4B8F-B1F5-185B0C0E78E6}.Release|Any CPU.ActiveCfg = Release|Any CPU
		{2E4C71B1-A5A4-4B8F-B1F5-185B0C0E78E6}.Release|Any CPU.Build.0 = Release|Any CPU
		{D48592AF-2071-42CE-B18A-537B59E07EEF}.Debug|Any CPU.ActiveCfg = Debug|Any CPU
		{D48592AF-2071-42CE-B18A-537B59E07EEF}.Debug|Any CPU.Build.0 = Debug|Any CPU
		{D48592AF-2071-42CE-B18A-537B59E07EEF}.Release|Any CPU.ActiveCfg = Release|Any CPU
		{D48592AF-2071-42CE-B18A-537B59E07EEF}.Release|Any CPU.Build.0 = Release|Any CPU
		{083700FA-4C33-4C98-BE8A-890BDB49DCEF}.Debug|Any CPU.ActiveCfg = Debug|Any CPU
		{083700FA-4C33-4C98-BE8A-890BDB49DCEF}.Debug|Any CPU.Build.0 = Debug|Any CPU
		{083700FA-4C33-4C98-BE8A-890BDB49DCEF}.Release|Any CPU.ActiveCfg = Release|Any CPU
		{083700FA-4C33-4C98-BE8A-890BDB49DCEF}.Release|Any CPU.Build.0 = Release|Any CPU
		{2AF5E1AC-FE1C-43D0-9FE4-485D650C86B8}.Debug|Any CPU.ActiveCfg = Debug|Any CPU
		{2AF5E1AC-FE1C-43D0-9FE4-485D650C86B8}.Debug|Any CPU.Build.0 = Debug|Any CPU
		{2AF5E1AC-FE1C-43D0-9FE4-485D650C86B8}.Release|Any CPU.ActiveCfg = Release|Any CPU
		{2AF5E1AC-FE1C-43D0-9FE4-485D650C86B8}.Release|Any CPU.Build.0 = Release|Any CPU
		{2ADA5651-C51D-4881-BC45-601A6C80C068}.Debug|Any CPU.ActiveCfg = Debug|Any CPU
		{2ADA5651-C51D-4881-BC45-601A6C80C068}.Debug|Any CPU.Build.0 = Debug|Any CPU
		{2ADA5651-C51D-4881-BC45-601A6C80C068}.Release|Any CPU.ActiveCfg = Release|Any CPU
		{2ADA5651-C51D-4881-BC45-601A6C80C068}.Release|Any CPU.Build.0 = Release|Any CPU
	EndGlobalSection
EndGlobal
